<Solution>
  <Folder Name="/Itens de Solução/">
    <File Path="MapaMental.md" />
  </Folder>
  <Project Path="PaymentService.API/PaymentService.API.csproj" />
  <Project Path="WebhookPayment.Infra/PaymentService.Infra.csproj" />
  <Project Path="WebhookPayments.Application/PaymentService.Application.csproj" />
  <Project Path="WebhookPayments.Domain/PaymentService.Domain.csproj" />
</Solution>
